{
  "nodes": {
    "flake-utils": {
      "locked": {
        "lastModified": 1659877975,
        "narHash": "sha256-zllb8aq3YO3h8B/U0/J1WBgAL8EX5yWf5pMj3G0NAmc=",
        "owner": "numtide",
        "repo": "flake-utils",
        "rev": "c0e246b9b83f637f4681389ecabcb2681b4f3af0",
        "type": "github"
      },
      "original": {
        "owner": "numtide",
        "repo": "flake-utils",
        "type": "github"
      }
    },
    "nixpkgs": {
      "locked": {
        "lastModified": 1679410443,
        "narHash": "sha256-xDHO/jixWD+y5pmW5+2q4Z4O/I/nA4MAa30svnZKK+M=",
        "owner": "NixOS",
        "repo": "nixpkgs",
        "rev": "c9ece0059f42e0ab53ac870104ca4049df41b133",
        "type": "github"
      },
      "original": {
        "id": "nixpkgs",
        "type": "indirect"
      }
    },
    "root": {
      "inputs": {
        "nixpkgs": "nixpkgs",
        "rust-overlay": "rust-overlay"
      }
    },
    "rust-overlay": {
      "inputs": {
        "flake-utils": "flake-utils",
        "nixpkgs": [
          "nixpkgs"
        ]
      },
      "locked": {
        "lastModified": 1679451618,
        "narHash": "sha256-gWFYRgmeT+8xDYHK4HSuCY9Pi7mSxC+2illHrmDkG7A=",
        "owner": "oxalica",
        "repo": "rust-overlay",
        "rev": "a89d328ca7d106c3fdbbd072b6c7088ab5b798a3",
        "type": "github"
      },
      "original": {
        "owner": "oxalica",
        "repo": "rust-overlay",
        "type": "github"
      }
    }
  },
  "root": "root",
  "version": 7
}
