{
  "nodes": {
    "flake-utils": {
      "locked": {
        "lastModified": 1659877975,
        "narHash": "sha256-zllb8aq3YO3h8B/U0/J1WBgAL8EX5yWf5pMj3G0NAmc=",
        "owner": "numtide",
        "repo": "flake-utils",
        "rev": "c0e246b9b83f637f4681389ecabcb2681b4f3af0",
        "type": "github"
      },
      "original": {
        "owner": "numtide",
        "repo": "flake-utils",
        "type": "github"
      }
    },
    "nixpkgs": {
      "locked": {
        "lastModified": 1678105526,
        "narHash": "sha256-P6wk01B6ULorZT6bZl3nJ9XJWaLddt2Z5Tnc7tGllKk=",
        "owner": "NixOS",
        "repo": "nixpkgs",
        "rev": "a45745ac9e4e1eb86397ab22e2a8823120ab9a4c",
        "type": "github"
      },
      "original": {
        "id": "nixpkgs",
        "ref": "release-22.11",
        "type": "indirect"
      }
    },
    "root": {
      "inputs": {
        "nixpkgs": "nixpkgs",
        "rust-overlay": "rust-overlay"
      }
    },
    "rust-overlay": {
      "inputs": {
        "flake-utils": "flake-utils",
        "nixpkgs": [
          "nixpkgs"
        ]
      },
      "locked": {
        "lastModified": 1678069954,
        "narHash": "sha256-52oErh9xblq9hS3eQurgKLVT8W85TpcMB7mIJCaGuIk=",
        "owner": "oxalica",
        "repo": "rust-overlay",
        "rev": "695b8bb0af23d4ad3826fe7a372a5d677ad5c2bd",
        "type": "github"
      },
      "original": {
        "owner": "oxalica",
        "repo": "rust-overlay",
        "type": "github"
      }
    }
  },
  "root": "root",
  "version": 7
}
